lockfileVersion: '6.0'

dependencies:
  '@pixiv/three-vrm':
    specifier: ^2.0.0
    version: 2.0.0(@types/three@0.152.1)(three@0.153.0)
  '@types/three':
    specifier: ^0.152.1
    version: 0.152.1
  '@verseengine/verse-three':
    specifier: ^1.0.2
    version: 1.0.2(@types/three@0.152.1)
  three:
    specifier: ^0.153.0
    version: 0.153.0
  typescript:
    specifier: ^5.1.3
    version: 5.1.3
  vite:
    specifier: ^4.3.9
    version: 4.3.9

packages:

  /@esbuild/android-arm64@0.17.19:
    resolution: {integrity: sha512-KBMWvEZooR7+kzY0BtbTQn0OAYY7CsiydT63pVEaPtVYF0hXbUaOyZog37DKxK7NF3XacBJOpYT4adIJh+avxA==}
    engines: {node: '>=12'}
    cpu: [arm64]
    os: [android]
    requiresBuild: true
    dev: false
    optional: true

  /@esbuild/android-arm@0.17.19:
    resolution: {integrity: sha512-rIKddzqhmav7MSmoFCmDIb6e2W57geRsM94gV2l38fzhXMwq7hZoClug9USI2pFRGL06f4IOPHHpFNOkWieR8A==}
    engines: {node: '>=12'}
    cpu: [arm]
    os: [android]
    requiresBuild: true
    dev: false
    optional: true

  /@esbuild/android-x64@0.17.19:
    resolution: {integrity: sha512-uUTTc4xGNDT7YSArp/zbtmbhO0uEEK9/ETW29Wk1thYUJBz3IVnvgEiEwEa9IeLyvnpKrWK64Utw2bgUmDveww==}
    engines: {node: '>=12'}
    cpu: [x64]
    os: [android]
    requiresBuild: true
    dev: false
    optional: true

  /@esbuild/darwin-arm64@0.17.19:
    resolution: {integrity: sha512-80wEoCfF/hFKM6WE1FyBHc9SfUblloAWx6FJkFWTWiCoht9Mc0ARGEM47e67W9rI09YoUxJL68WHfDRYEAvOhg==}
    engines: {node: '>=12'}
    cpu: [arm64]
    os: [darwin]
    requiresBuild: true
    dev: false
    optional: true

  /@esbuild/darwin-x64@0.17.19:
    resolution: {integrity: sha512-IJM4JJsLhRYr9xdtLytPLSH9k/oxR3boaUIYiHkAawtwNOXKE8KoU8tMvryogdcT8AU+Bflmh81Xn6Q0vTZbQw==}
    engines: {node: '>=12'}
    cpu: [x64]
    os: [darwin]
    requiresBuild: true
    dev: false
    optional: true

  /@esbuild/freebsd-arm64@0.17.19:
    resolution: {integrity: sha512-pBwbc7DufluUeGdjSU5Si+P3SoMF5DQ/F/UmTSb8HXO80ZEAJmrykPyzo1IfNbAoaqw48YRpv8shwd1NoI0jcQ==}
    engines: {node: '>=12'}
    cpu: [arm64]
    os: [freebsd]
    requiresBuild: true
    dev: false
    optional: true

  /@esbuild/freebsd-x64@0.17.19:
    resolution: {integrity: sha512-4lu+n8Wk0XlajEhbEffdy2xy53dpR06SlzvhGByyg36qJw6Kpfk7cp45DR/62aPH9mtJRmIyrXAS5UWBrJT6TQ==}
    engines: {node: '>=12'}
    cpu: [x64]
    os: [freebsd]
    requiresBuild: true
    dev: false
    optional: true

  /@esbuild/linux-arm64@0.17.19:
    resolution: {integrity: sha512-ct1Tg3WGwd3P+oZYqic+YZF4snNl2bsnMKRkb3ozHmnM0dGWuxcPTTntAF6bOP0Sp4x0PjSF+4uHQ1xvxfRKqg==}
    engines: {node: '>=12'}
    cpu: [arm64]
    os: [linux]
    requiresBuild: true
    dev: false
    optional: true

  /@esbuild/linux-arm@0.17.19:
    resolution: {integrity: sha512-cdmT3KxjlOQ/gZ2cjfrQOtmhG4HJs6hhvm3mWSRDPtZ/lP5oe8FWceS10JaSJC13GBd4eH/haHnqf7hhGNLerA==}
    engines: {node: '>=12'}
    cpu: [arm]
    os: [linux]
    requiresBuild: true
    dev: false
    optional: true

  /@esbuild/linux-ia32@0.17.19:
    resolution: {integrity: sha512-w4IRhSy1VbsNxHRQpeGCHEmibqdTUx61Vc38APcsRbuVgK0OPEnQ0YD39Brymn96mOx48Y2laBQGqgZ0j9w6SQ==}
    engines: {node: '>=12'}
    cpu: [ia32]
    os: [linux]
    requiresBuild: true
    dev: false
    optional: true

  /@esbuild/linux-loong64@0.17.19:
    resolution: {integrity: sha512-2iAngUbBPMq439a+z//gE+9WBldoMp1s5GWsUSgqHLzLJ9WoZLZhpwWuym0u0u/4XmZ3gpHmzV84PonE+9IIdQ==}
    engines: {node: '>=12'}
    cpu: [loong64]
    os: [linux]
    requiresBuild: true
    dev: false
    optional: true

  /@esbuild/linux-mips64el@0.17.19:
    resolution: {integrity: sha512-LKJltc4LVdMKHsrFe4MGNPp0hqDFA1Wpt3jE1gEyM3nKUvOiO//9PheZZHfYRfYl6AwdTH4aTcXSqBerX0ml4A==}
    engines: {node: '>=12'}
    cpu: [mips64el]
    os: [linux]
    requiresBuild: true
    dev: false
    optional: true

  /@esbuild/linux-ppc64@0.17.19:
    resolution: {integrity: sha512-/c/DGybs95WXNS8y3Ti/ytqETiW7EU44MEKuCAcpPto3YjQbyK3IQVKfF6nbghD7EcLUGl0NbiL5Rt5DMhn5tg==}
    engines: {node: '>=12'}
    cpu: [ppc64]
    os: [linux]
    requiresBuild: true
    dev: false
    optional: true

  /@esbuild/linux-riscv64@0.17.19:
    resolution: {integrity: sha512-FC3nUAWhvFoutlhAkgHf8f5HwFWUL6bYdvLc/TTuxKlvLi3+pPzdZiFKSWz/PF30TB1K19SuCxDTI5KcqASJqA==}
    engines: {node: '>=12'}
    cpu: [riscv64]
    os: [linux]
    requiresBuild: true
    dev: false
    optional: true

  /@esbuild/linux-s390x@0.17.19:
    resolution: {integrity: sha512-IbFsFbxMWLuKEbH+7sTkKzL6NJmG2vRyy6K7JJo55w+8xDk7RElYn6xvXtDW8HCfoKBFK69f3pgBJSUSQPr+4Q==}
    engines: {node: '>=12'}
    cpu: [s390x]
    os: [linux]
    requiresBuild: true
    dev: false
    optional: true

  /@esbuild/linux-x64@0.17.19:
    resolution: {integrity: sha512-68ngA9lg2H6zkZcyp22tsVt38mlhWde8l3eJLWkyLrp4HwMUr3c1s/M2t7+kHIhvMjglIBrFpncX1SzMckomGw==}
    engines: {node: '>=12'}
    cpu: [x64]
    os: [linux]
    requiresBuild: true
    dev: false
    optional: true

  /@esbuild/netbsd-x64@0.17.19:
    resolution: {integrity: sha512-CwFq42rXCR8TYIjIfpXCbRX0rp1jo6cPIUPSaWwzbVI4aOfX96OXY8M6KNmtPcg7QjYeDmN+DD0Wp3LaBOLf4Q==}
    engines: {node: '>=12'}
    cpu: [x64]
    os: [netbsd]
    requiresBuild: true
    dev: false
    optional: true

  /@esbuild/openbsd-x64@0.17.19:
    resolution: {integrity: sha512-cnq5brJYrSZ2CF6c35eCmviIN3k3RczmHz8eYaVlNasVqsNY+JKohZU5MKmaOI+KkllCdzOKKdPs762VCPC20g==}
    engines: {node: '>=12'}
    cpu: [x64]
    os: [openbsd]
    requiresBuild: true
    dev: false
    optional: true

  /@esbuild/sunos-x64@0.17.19:
    resolution: {integrity: sha512-vCRT7yP3zX+bKWFeP/zdS6SqdWB8OIpaRq/mbXQxTGHnIxspRtigpkUcDMlSCOejlHowLqII7K2JKevwyRP2rg==}
    engines: {node: '>=12'}
    cpu: [x64]
    os: [sunos]
    requiresBuild: true
    dev: false
    optional: true

  /@esbuild/win32-arm64@0.17.19:
    resolution: {integrity: sha512-yYx+8jwowUstVdorcMdNlzklLYhPxjniHWFKgRqH7IFlUEa0Umu3KuYplf1HUZZ422e3NU9F4LGb+4O0Kdcaag==}
    engines: {node: '>=12'}
    cpu: [arm64]
    os: [win32]
    requiresBuild: true
    dev: false
    optional: true

  /@esbuild/win32-ia32@0.17.19:
    resolution: {integrity: sha512-eggDKanJszUtCdlVs0RB+h35wNlb5v4TWEkq4vZcmVt5u/HiDZrTXe2bWFQUez3RgNHwx/x4sk5++4NSSicKkw==}
    engines: {node: '>=12'}
    cpu: [ia32]
    os: [win32]
    requiresBuild: true
    dev: false
    optional: true

  /@esbuild/win32-x64@0.17.19:
    resolution: {integrity: sha512-lAhycmKnVOuRYNtRtatQR1LPQf2oYCkRGkSFnseDAKPl8lu5SOsK/e1sXe5a0Pc5kHIHe6P2I/ilntNv2xf3cA==}
    engines: {node: '>=12'}
    cpu: [x64]
    os: [win32]
    requiresBuild: true
    dev: false
    optional: true

  /@microsoft/api-documenter@7.22.21:
    resolution: {integrity: sha512-o8VXpB83P87cLIYfkQS7ibShoYorTZ7Xs+gMwftT75pFaYWwhBuI8M0MPgzTGIAxzi338XfUjhctlVCjRn+Sqg==}
    hasBin: true
    dependencies:
      '@microsoft/api-extractor-model': 7.27.3
      '@microsoft/tsdoc': 0.14.2
      '@rushstack/node-core-library': 3.59.4
      '@rushstack/ts-command-line': 4.15.1
      colors: 1.2.5
      js-yaml: 3.13.1
      resolve: 1.22.2
    transitivePeerDependencies:
      - '@types/node'
    dev: false

  /@microsoft/api-extractor-model@7.27.3:
    resolution: {integrity: sha512-fSFvw7otYHduOkyshjTbapKKgwF8bgquVHvgF8VgeKtMYvqXkoaj7W6VcM7PNY7E2bbblhUgC4XNdqZLD4SJGw==}
    dependencies:
      '@microsoft/tsdoc': 0.14.2
      '@microsoft/tsdoc-config': 0.16.2
      '@rushstack/node-core-library': 3.59.4
    transitivePeerDependencies:
      - '@types/node'
    dev: false

  /@microsoft/api-extractor@7.36.0:
    resolution: {integrity: sha512-P+kYgJFDXIr+UNzhRMhlpM/dderi6ab4lxn35vdhfAIMPtGCSXIJxrrtpTOQmQW8CZtmoZX06LYoUsKCc1zjow==}
    hasBin: true
    dependencies:
      '@microsoft/api-extractor-model': 7.27.3
      '@microsoft/tsdoc': 0.14.2
      '@microsoft/tsdoc-config': 0.16.2
      '@rushstack/node-core-library': 3.59.4
      '@rushstack/rig-package': 0.4.0
      '@rushstack/ts-command-line': 4.15.1
      colors: 1.2.5
      lodash: 4.17.21
      resolve: 1.22.2
      semver: 7.3.8
      source-map: 0.6.1
      typescript: 5.0.4
    transitivePeerDependencies:
      - '@types/node'
    dev: false

  /@microsoft/tsdoc-config@0.16.2:
    resolution: {integrity: sha512-OGiIzzoBLgWWR0UdRJX98oYO+XKGf7tiK4Zk6tQ/E4IJqGCe7dvkTvgDZV5cFJUzLGDOjeAXrnZoA6QkVySuxw==}
    dependencies:
      '@microsoft/tsdoc': 0.14.2
      ajv: 6.12.6
      jju: 1.4.0
      resolve: 1.19.0
    dev: false

  /@microsoft/tsdoc@0.14.2:
    resolution: {integrity: sha512-9b8mPpKrfeGRuhFH5iO1iwCLeIIsV6+H1sRfxbkoGXIyQE2BTsPd9zqSqQJ+pv5sJ/hT5M1zvOFL02MnEezFug==}
    dev: false

  /@msgpack/msgpack@2.8.0:
    resolution: {integrity: sha512-h9u4u/jiIRKbq25PM+zymTyW6bhTzELvOoUd+AvYriWOAKpLGnIamaET3pnHYoI5iYphAHBI4ayx0MehR+VVPQ==}
    engines: {node: '>= 10'}
    dev: false

  /@pixiv/three-vrm-core@1.0.10(@types/three@0.152.1)(three@0.153.0):
    resolution: {integrity: sha512-2JRJiUr8eSasn+HrBt0rI2UhT9adm7oIFt/AROOEEDB9qOP4I/vs6657Gf1xWcvxsI1OiS2aSkBcfTeKeOP0FQ==}
    peerDependencies:
      '@types/three': ^0.151.0
      three: ^0.151.3
    dependencies:
      '@pixiv/types-vrm-0.0': 1.0.0
      '@pixiv/types-vrmc-vrm-1.0': 1.0.0
      '@types/three': 0.152.1
      three: 0.153.0
    dev: false

  /@pixiv/three-vrm-core@2.0.0(@types/three@0.152.1)(three@0.153.0):
    resolution: {integrity: sha512-par/2g7Y3LlUe75GYQ7LTCJkdAbrs7diM+7Jji950XnM3MzpQU5Z1194a7KiYt+5IWzKy/YR0QF0uK4lpLYeOA==}
    peerDependencies:
      '@types/three': ^0.152.1
      three: ^0.153.0
    dependencies:
      '@pixiv/types-vrm-0.0': 2.0.0
      '@pixiv/types-vrmc-vrm-1.0': 2.0.0
      '@types/three': 0.152.1
      three: 0.153.0
    dev: false

  /@pixiv/three-vrm-materials-hdr-emissive-multiplier@1.0.10(@types/three@0.152.1)(three@0.153.0):
    resolution: {integrity: sha512-Vb/CwpoMlPiQe2Sq/BTYVoeWSQb/4jUgIHUrpWmN1U4jGb3b7aiSC3kfFWxitty6O+pHXTY/Ivg2mKvaYbAUuw==}
    peerDependencies:
      '@types/three': ^0.151.0
      three: ^0.151.3
    dependencies:
      '@pixiv/types-vrmc-materials-hdr-emissive-multiplier-1.0': 1.0.0
      '@types/three': 0.152.1
      three: 0.153.0
    dev: false

  /@pixiv/three-vrm-materials-hdr-emissive-multiplier@2.0.0(@types/three@0.152.1)(three@0.153.0):
    resolution: {integrity: sha512-pHwDSszXAd4GMc8aqSnp/Ez6YE5xXVFTqz9lHNq5VTKD3Btem3srRmN1nX4iXQ87MfjP6gK6p2CcVKnDR5xwxQ==}
    peerDependencies:
      '@types/three': ^0.152.1
      three: ^0.153.0
    dependencies:
      '@pixiv/types-vrmc-materials-hdr-emissive-multiplier-1.0': 2.0.0
      '@types/three': 0.152.1
      three: 0.153.0
    dev: false

  /@pixiv/three-vrm-materials-mtoon@1.0.10(@types/three@0.152.1)(three@0.153.0):
    resolution: {integrity: sha512-hATf06sn5FlxryLu5n5KitGwwN8424iDuwy5ojOnjKdtWm9pxwx/QtzJ7/glIFZm8PBVBcubG7N7I/QA+JOZkA==}
    peerDependencies:
      '@types/three': ^0.151.0
      three: ^0.151.3
    dependencies:
      '@pixiv/types-vrm-0.0': 1.0.0
      '@pixiv/types-vrmc-materials-mtoon-1.0': 1.0.0
      '@types/three': 0.152.1
      three: 0.153.0
    dev: false

  /@pixiv/three-vrm-materials-mtoon@2.0.0(@types/three@0.152.1)(three@0.153.0):
    resolution: {integrity: sha512-POwnDVcMnS9xOSfC9o1tjQqElgDlcGN9fikiikMU+papKiD3bHYk2umyd2xm88RaW6Sk0LsdyFsuF+t7eYQnUQ==}
    peerDependencies:
      '@types/three': ^0.152.1
      three: ^0.153.0
    dependencies:
      '@pixiv/types-vrm-0.0': 2.0.0
      '@pixiv/types-vrmc-materials-mtoon-1.0': 2.0.0
      '@types/three': 0.152.1
      three: 0.153.0
    dev: false

  /@pixiv/three-vrm-materials-v0compat@1.0.10(@types/three@0.152.1)(three@0.153.0):
    resolution: {integrity: sha512-9il6jaDwe72TZ5aAYTEhF+ZcSxDgHY66MNxHt4uDhqSmJn9mjKw3h7jC/0jPg6QnC+cWIGi2yNg54Svvjaypqw==}
    peerDependencies:
      '@types/three': ^0.151.0
      three: ^0.151.3
    dependencies:
      '@pixiv/types-vrm-0.0': 1.0.0
      '@pixiv/types-vrmc-materials-mtoon-1.0': 1.0.0
      '@types/three': 0.152.1
      three: 0.153.0
    dev: false

  /@pixiv/three-vrm-materials-v0compat@2.0.0(@types/three@0.152.1)(three@0.153.0):
    resolution: {integrity: sha512-XcWD/W7gRrFEYB+bNsxhLa8yXmzTxQC911K6T5KEOmf8JIjb+VswrAoKrq7JoEfO6aFKIrGB35i+VPWt8oWzQQ==}
    peerDependencies:
      '@types/three': ^0.152.1
      three: ^0.153.0
    dependencies:
      '@pixiv/types-vrm-0.0': 2.0.0
      '@pixiv/types-vrmc-materials-mtoon-1.0': 2.0.0
      '@types/three': 0.152.1
      three: 0.153.0
    dev: false

  /@pixiv/three-vrm-node-constraint@1.0.10(@types/three@0.152.1)(three@0.153.0):
    resolution: {integrity: sha512-nkxesoXCNowmLxqTk9S3gNw4cYSVIgm/ISzjmwBVNzNzFymHhSOBdpJo/3Vi7vSwUSdKuK2/e0OKvRqsEQnSdw==}
    peerDependencies:
      '@types/three': ^0.151.0
      three: ^0.151.3
    dependencies:
      '@pixiv/types-vrmc-node-constraint-1.0': 1.0.0
      '@types/three': 0.152.1
      three: 0.153.0
    dev: false

  /@pixiv/three-vrm-node-constraint@2.0.0(@types/three@0.152.1)(three@0.153.0):
    resolution: {integrity: sha512-t5po7R90VcrKlzdZ3PLYhFXSY1nXLRFuP3709sVneH+89VkSIZ2jjKqcUlDHW2DOqR6sEXjDMc8WKy1VYnLs0Q==}
    peerDependencies:
      '@types/three': ^0.152.1
      three: ^0.153.0
    dependencies:
      '@pixiv/types-vrmc-node-constraint-1.0': 2.0.0
      '@types/three': 0.152.1
      three: 0.153.0
    dev: false

  /@pixiv/three-vrm-springbone@1.0.10(three@0.153.0):
    resolution: {integrity: sha512-oUakIbfna/32P/m0QfQuTeN3Snm/vlMk7vz0n2S7SWXadp7bFIVxOa+frwFyWICzD4ISwuAIW+tqfUeoWliS1g==}
    peerDependencies:
      three: ^0.151.3
    dependencies:
      '@pixiv/types-vrm-0.0': 1.0.0
      '@pixiv/types-vrmc-springbone-1.0': 1.0.0
      three: 0.153.0
    dev: false

  /@pixiv/three-vrm-springbone@2.0.0(three@0.153.0):
    resolution: {integrity: sha512-p5ajFX0a12H3rCWxTpNGcXUaKjQcJsiQ4yzQ5r9EK75eOSFwZVqHh5WvCEYgAL92h81ENyZTp1M1yz8s4OG1IQ==}
    peerDependencies:
      three: ^0.153.0
    dependencies:
      '@pixiv/types-vrm-0.0': 2.0.0
      '@pixiv/types-vrmc-springbone-1.0': 2.0.0
      three: 0.153.0
    dev: false

  /@pixiv/three-vrm@1.0.10(@types/three@0.152.1)(three@0.153.0):
    resolution: {integrity: sha512-aEqDVbo4ZKH1AYZ/K9oXIqiMTzmU9mbNqmjt1ovTpOF/0sw/zWTj69ZAPpd04cvpLCApQm4g+UjpU+XBP3mllA==}
    peerDependencies:
      '@types/three': ^0.151.0
      three: ^0.151.3
    dependencies:
      '@pixiv/three-vrm-core': 1.0.10(@types/three@0.152.1)(three@0.153.0)
      '@pixiv/three-vrm-materials-hdr-emissive-multiplier': 1.0.10(@types/three@0.152.1)(three@0.153.0)
      '@pixiv/three-vrm-materials-mtoon': 1.0.10(@types/three@0.152.1)(three@0.153.0)
      '@pixiv/three-vrm-materials-v0compat': 1.0.10(@types/three@0.152.1)(three@0.153.0)
      '@pixiv/three-vrm-node-constraint': 1.0.10(@types/three@0.152.1)(three@0.153.0)
      '@pixiv/three-vrm-springbone': 1.0.10(three@0.153.0)
      '@types/three': 0.152.1
      three: 0.153.0
    dev: false

  /@pixiv/three-vrm@2.0.0(@types/three@0.152.1)(three@0.153.0):
    resolution: {integrity: sha512-CcImfWnMHz7kS/dHbfeWmwHECztL7wsU2LL18m7vBNzVIj8ncNrZMzCOB783nDae66ERqa73ik+B8juGS045rg==}
    peerDependencies:
      '@types/three': ^0.152.1
      three: ^0.153.0
    dependencies:
      '@pixiv/three-vrm-core': 2.0.0(@types/three@0.152.1)(three@0.153.0)
      '@pixiv/three-vrm-materials-hdr-emissive-multiplier': 2.0.0(@types/three@0.152.1)(three@0.153.0)
      '@pixiv/three-vrm-materials-mtoon': 2.0.0(@types/three@0.152.1)(three@0.153.0)
      '@pixiv/three-vrm-materials-v0compat': 2.0.0(@types/three@0.152.1)(three@0.153.0)
      '@pixiv/three-vrm-node-constraint': 2.0.0(@types/three@0.152.1)(three@0.153.0)
      '@pixiv/three-vrm-springbone': 2.0.0(three@0.153.0)
      '@types/three': 0.152.1
      three: 0.153.0
    dev: false

  /@pixiv/types-vrm-0.0@1.0.0:
    resolution: {integrity: sha512-3jnj/lpoLuzfsAAkqyTRiazxY88RhKFsDZkPmaFgPduDbIveFpzD153StHULO115w69I9VZ5i3ipJ6j7f0BjfA==}
    dev: false

  /@pixiv/types-vrm-0.0@2.0.0:
    resolution: {integrity: sha512-W9dTKZW8a38ahYlDTuXuq65ze3YZu8b7n5AUWYIrjssannMYDn2OlSyOkzUmi+sILsGgo8htSy5wvfezODpYxQ==}
    dev: false

  /@pixiv/types-vrmc-materials-hdr-emissive-multiplier-1.0@1.0.0:
    resolution: {integrity: sha512-ussIML1MNbWIRehgQDoduy1zXTenubwDdGVekOhN0NO5ovVwVr4VVhLAvWr5gDVIwEliPGafJRqmHpWzmRTtEA==}
    dev: false

  /@pixiv/types-vrmc-materials-hdr-emissive-multiplier-1.0@2.0.0:
    resolution: {integrity: sha512-Z/n6Fri7DsD/4/mnAA2W7E7ETosDqfeyn+YwET0T9zSk9fe0470Cqzb5tUIwLgmUDwa1nh0fXRrmZ+CYN3orCg==}
    dev: false

  /@pixiv/types-vrmc-materials-mtoon-1.0@1.0.0:
    resolution: {integrity: sha512-JCqPiJZh7zccZxh28AGebvmBzch1Ql2IhU5n7nertLinPaIeVaYyWjHFJnxNVpn12nhTOYAsWpcUoOKeQWITmg==}
    dev: false

  /@pixiv/types-vrmc-materials-mtoon-1.0@2.0.0:
    resolution: {integrity: sha512-aQnct/auTzSqhGtMpPe0ec1rVQLyzUlfJxS609Vfp4WSz3NGBBmcfUNq6pj/uDaXyVCekwI9i0yhbjBhAR7Blg==}
    dev: false

  /@pixiv/types-vrmc-node-constraint-1.0@1.0.0:
    resolution: {integrity: sha512-fNKPRMk0j87p5IKiSsxFI3inM0kx1oiIX7GBnai+pPxXNGj8zgEHbHtPbhw2kTrRX+Fqs+HTn5U5oiZPnM4YQQ==}
    dev: false

  /@pixiv/types-vrmc-node-constraint-1.0@2.0.0:
    resolution: {integrity: sha512-IoWAKxBAmK7fb6hrVf/DAPNHomgemhwHgkKhddzsPAj1BV7YIDm4vQrFNPGYdNaY/OwMUieqlNHoFg/3K6jvCw==}
    dev: false

  /@pixiv/types-vrmc-springbone-1.0@1.0.0:
    resolution: {integrity: sha512-0gLtp3WT2WdCeJIQAPB9baU4w+xrIOLqIr/HgyVlJNmIICZoCdqMC+hu4cJwmPbJNBZsokD5A279Gwbr0pUy4g==}
    dev: false

  /@pixiv/types-vrmc-springbone-1.0@2.0.0:
    resolution: {integrity: sha512-AhjngNo0yuowYVmokepIGPoX0tvMvinfIbt/lgvm5TamoVW1k0w9OeDDPkYnve3/zbZOL/XafUVC2S8l5nTTvg==}
    dev: false

  /@pixiv/types-vrmc-vrm-1.0@1.0.0:
    resolution: {integrity: sha512-aYy/LyFU6ijzAXHtg+r2TfMKrsT0/amtK4wYEPZa901FZhyvNCYtmUPUA1a1VroIO9pyKC2fd6DlLwWhYenQFg==}
    dev: false

  /@pixiv/types-vrmc-vrm-1.0@2.0.0:
    resolution: {integrity: sha512-WTDrt28EySemfeojqy8XkoO1LqZ7snx6FK8ZpT6DD4V1kGVk9L/OrIlIFqFJi+B0MdCG5IXvBQVZIDj/nA8xlg==}
    dev: false

  /@rushstack/node-core-library@3.59.4:
    resolution: {integrity: sha512-YAKJDC6Mz/KA1D7bvB88WaRX3knt/ZuLzkRu5G9QADGSjLtvTWzCNCytRF2PCSaaHOZaZsWul4F1KQdgFgUDqA==}
    peerDependencies:
      '@types/node': '*'
    peerDependenciesMeta:
      '@types/node':
        optional: true
    dependencies:
      colors: 1.2.5
      fs-extra: 7.0.1
      import-lazy: 4.0.0
      jju: 1.4.0
      resolve: 1.22.2
      semver: 7.3.8
      z-schema: 5.0.5
    dev: false

  /@rushstack/rig-package@0.4.0:
    resolution: {integrity: sha512-FnM1TQLJYwSiurP6aYSnansprK5l8WUK8VG38CmAaZs29ZeL1msjK0AP1VS4ejD33G0kE/2cpsPsS9jDenBMxw==}
    dependencies:
      resolve: 1.22.2
      strip-json-comments: 3.1.1
    dev: false

  /@rushstack/ts-command-line@4.15.1:
    resolution: {integrity: sha512-EL4jxZe5fhb1uVL/P/wQO+Z8Rc8FMiWJ1G7VgnPDvdIt5GVjRfK7vwzder1CZQiX3x0PY6uxENYLNGTFd1InRQ==}
    dependencies:
      '@types/argparse': 1.0.38
      argparse: 1.0.10
      colors: 1.2.5
      string-argv: 0.3.2
    dev: false

  /@tweenjs/tween.js@18.6.4:
    resolution: {integrity: sha512-lB9lMjuqjtuJrx7/kOkqQBtllspPIN+96OvTCeJ2j5FEzinoAXTdAMFnDAQT1KVPRlnYfBrqxtqP66vDM40xxQ==}
    dev: false

  /@types/argparse@1.0.38:
    resolution: {integrity: sha512-ebDJ9b0e702Yr7pWgB0jzm+CX4Srzz8RcXtLJDJB+BSccqMa36uyH/zUsSYao5+BD1ytv3k3rPYCq4mAE1hsXA==}
    dev: false

  /@types/stats.js@0.17.0:
    resolution: {integrity: sha512-9w+a7bR8PeB0dCT/HBULU2fMqf6BAzvKbxFboYhmDtDkKPiyXYbjoe2auwsXlEFI7CFNMF1dCv3dFH5Poy9R1w==}
    dev: false

  /@types/three@0.152.1:
    resolution: {integrity: sha512-PMOCQnx9JRmq+2OUGTPoY9h1hTWD2L7/nmuW/SyNq1Vbq3Lwt3MNdl3wYSa4DvLTGv62NmIXD9jYdAOwohwJyw==}
    dependencies:
      '@tweenjs/tween.js': 18.6.4
      '@types/stats.js': 0.17.0
      '@types/webxr': 0.5.2
      fflate: 0.6.10
      lil-gui: 0.17.0
    dev: false

  /@types/webxr@0.5.2:
    resolution: {integrity: sha512-szL74BnIcok9m7QwYtVmQ+EdIKwbjPANudfuvDrAF8Cljg9MKUlIoc1w5tjj9PMpeSH3U1Xnx//czQybJ0EfSw==}
    dev: false

  /@verseengine/three-avatar@1.0.1(@types/three@0.152.1):
    resolution: {integrity: sha512-ldu20Fr055KX+v23vmtR5THD8U3ORHDuqfXYlNGXc1X9mjJ2oYy8ydKm803mVq9m05i3/XWj9rGuERSn6cMMJA==}
    dependencies:
      '@pixiv/three-vrm': 1.0.10(@types/three@0.152.1)(three@0.153.0)
      three: 0.153.0
    transitivePeerDependencies:
      - '@types/three'
    dev: false

  /@verseengine/three-move-controller@1.0.1:
    resolution: {integrity: sha512-OePO78dQVrpvhxEuGJZ7dxxi4IqFR7vG+JHshjkR4ENXls6lEQYCE87IyihDg29CMeE5AsTOoLpUA8h0AfJnMg==}
    dependencies:
      three: 0.153.0
    dev: false

  /@verseengine/three-touch-controller@1.0.1:
    resolution: {integrity: sha512-jF4glTgbqHQgs54hwJOG1VYzPe/mI+nMpU1yyjRBxAfpUbxEazp4PPQu61XDQo6kWZx56M++XeEj3tM6H1uGYw==}
    dependencies:
      three: 0.153.0
    dev: false

  /@verseengine/three-xr-controller@1.0.1:
    resolution: {integrity: sha512-PnieWjMc35RLj+XX+OK0qPIvvtnc5Uvb7fcCy4ET+56EUna2o70rvQSGCfTAXoy5PYWI9VSEOABn0s/Ye86qSg==}
    dependencies:
      three: 0.153.0
    dev: false

  /@verseengine/verse-core@1.0.0:
    resolution: {integrity: sha512-AVdWc/TimsIDe6TY7+FIIBFewLo2f7dU9WYQdvDLJDJm1OENbKpeFofyI3qgjuZjLU8eJoPNkiXbt3yqeyxHCQ==}
    dev: false

  /@verseengine/verse-three-ui@1.0.1:
    resolution: {integrity: sha512-FHNdHYWih2E1P/wgMNZ2cgege/jXz/Q3YfF+rfHEZWKcn8vYbJkicnaZGr1n7J7oenBGKMwEmkHSacMdboKR4w==}
    dependencies:
      three: 0.153.0
    dev: false

  /@verseengine/verse-three@1.0.2(@types/three@0.152.1):
    resolution: {integrity: sha512-XlmZiSspZLBRqiTcYY6M1Rv/QQoHTfiWC7BSk2w1UKgwpeRLDkhI5+GE9Ak+8SW08VWU9Hf8MN6yIO1X+4S5vQ==}
    dependencies:
      '@microsoft/api-documenter': 7.22.21
      '@microsoft/api-extractor': 7.36.0
      '@msgpack/msgpack': 2.8.0
      '@verseengine/three-avatar': 1.0.1(@types/three@0.152.1)
      '@verseengine/three-move-controller': 1.0.1
      '@verseengine/three-touch-controller': 1.0.1
      '@verseengine/three-xr-controller': 1.0.1
      '@verseengine/verse-core': 1.0.0
      '@verseengine/verse-three-ui': 1.0.1
      buffered-interpolation: github.com/Infinitelee/buffered-interpolation/5bb18421ebf2bf11664645cdc7a15bd77ee2156b
      three: 0.153.0
    transitivePeerDependencies:
      - '@types/node'
      - '@types/three'
    dev: false

  /ajv@6.12.6:
    resolution: {integrity: sha512-j3fVLgvTo527anyYyJOGTYJbG+vnnQYvE0m5mmkc1TK+nxAppkCLMIL0aZ4dblVCNoGShhm+kzE4ZUykBoMg4g==}
    dependencies:
      fast-deep-equal: 3.1.3
      fast-json-stable-stringify: 2.1.0
      json-schema-traverse: 0.4.1
      uri-js: 4.4.1
    dev: false

  /argparse@1.0.10:
    resolution: {integrity: sha512-o5Roy6tNG4SL/FOkCAN6RzjiakZS25RLYFrcMttJqbdd8BWrnA+fGz57iN5Pb06pvBGvl5gQ0B48dJlslXvoTg==}
    dependencies:
      sprintf-js: 1.0.3
    dev: false

  /colors@1.2.5:
    resolution: {integrity: sha512-erNRLao/Y3Fv54qUa0LBB+//Uf3YwMUmdJinN20yMXm9zdKKqH9wt7R9IIVZ+K7ShzfpLV/Zg8+VyrBJYB4lpg==}
    engines: {node: '>=0.1.90'}
    dev: false

  /commander@9.5.0:
    resolution: {integrity: sha512-KRs7WVDKg86PWiuAqhDrAQnTXZKraVcCc6vFdL14qrZ/DcWwuRo7VoiYXalXO7S5GKpqYiVEwCbgFDfxNHKJBQ==}
    engines: {node: ^12.20.0 || >=14}
    requiresBuild: true
    dev: false
    optional: true

  /esbuild@0.17.19:
    resolution: {integrity: sha512-XQ0jAPFkK/u3LcVRcvVHQcTIqD6E2H1fvZMA5dQPSOWb3suUbWbfbRf94pjc0bNzRYLfIrDRQXr7X+LHIm5oHw==}
    engines: {node: '>=12'}
    hasBin: true
    requiresBuild: true
    optionalDependencies:
      '@esbuild/android-arm': 0.17.19
      '@esbuild/android-arm64': 0.17.19
      '@esbuild/android-x64': 0.17.19
      '@esbuild/darwin-arm64': 0.17.19
      '@esbuild/darwin-x64': 0.17.19
      '@esbuild/freebsd-arm64': 0.17.19
      '@esbuild/freebsd-x64': 0.17.19
      '@esbuild/linux-arm': 0.17.19
      '@esbuild/linux-arm64': 0.17.19
      '@esbuild/linux-ia32': 0.17.19
      '@esbuild/linux-loong64': 0.17.19
      '@esbuild/linux-mips64el': 0.17.19
      '@esbuild/linux-ppc64': 0.17.19
      '@esbuild/linux-riscv64': 0.17.19
      '@esbuild/linux-s390x': 0.17.19
      '@esbuild/linux-x64': 0.17.19
      '@esbuild/netbsd-x64': 0.17.19
      '@esbuild/openbsd-x64': 0.17.19
      '@esbuild/sunos-x64': 0.17.19
      '@esbuild/win32-arm64': 0.17.19
      '@esbuild/win32-ia32': 0.17.19
      '@esbuild/win32-x64': 0.17.19
    dev: false

  /esprima@4.0.1:
    resolution: {integrity: sha512-eGuFFw7Upda+g4p+QHvnW0RyTX/SVeJBDM/gCtMARO0cLuT2HcEKnTPvhjV6aGeqrCB/sbNop0Kszm0jsaWU4A==}
    engines: {node: '>=4'}
    hasBin: true
    dev: false

  /fast-deep-equal@3.1.3:
    resolution: {integrity: sha512-f3qQ9oQy9j2AhBe/H9VC91wLmKBCCU/gDOnKNAYG5hswO7BLKj09Hc5HYNz9cGI++xlpDCIgDaitVs03ATR84Q==}
    dev: false

  /fast-json-stable-stringify@2.1.0:
    resolution: {integrity: sha512-lhd/wF+Lk98HZoTCtlVraHtfh5XYijIjalXck7saUtuanSDyLMxnHhSXEDJqHxD7msR8D0uCmqlkwjCV8xvwHw==}
    dev: false

  /fflate@0.6.10:
    resolution: {integrity: sha512-IQrh3lEPM93wVCEczc9SaAOvkmcoQn/G8Bo1e8ZPlY3X3bnAxWaBdvTdvM1hP62iZp0BXWDy4vTAy4fF0+Dlpg==}
    dev: false

  /fs-extra@7.0.1:
    resolution: {integrity: sha512-YJDaCJZEnBmcbw13fvdAM9AwNOJwOzrE4pqMqBq5nFiEqXUqHwlK4B+3pUw6JNvfSPtX05xFHtYy/1ni01eGCw==}
    engines: {node: '>=6 <7 || >=8'}
    dependencies:
      graceful-fs: 4.2.11
      jsonfile: 4.0.0
      universalify: 0.1.2
    dev: false

  /fsevents@2.3.2:
    resolution: {integrity: sha512-xiqMQR4xAeHTuB9uWm+fFRcIOgKBMiOBP+eXiyT7jsgVCq1bkVygt00oASowB7EdtpOHaaPgKt812P9ab+DDKA==}
    engines: {node: ^8.16.0 || ^10.6.0 || >=11.0.0}
    os: [darwin]
    requiresBuild: true
    dev: false
    optional: true

  /function-bind@1.1.1:
    resolution: {integrity: sha512-yIovAzMX49sF8Yl58fSCWJ5svSLuaibPxXQJFLmBObTuCr0Mf1KiPopGM9NiFjiYBCbfaa2Fh6breQ6ANVTI0A==}
    dev: false

  /graceful-fs@4.2.11:
    resolution: {integrity: sha512-RbJ5/jmFcNNCcDV5o9eTnBLJ/HszWV0P73bc+Ff4nS/rJj+YaS6IGyiOL0VoBYX+l1Wrl3k63h/KrH+nhJ0XvQ==}
    dev: false

  /has@1.0.3:
    resolution: {integrity: sha512-f2dvO0VU6Oej7RkWJGrehjbzMAjFp5/VKPp5tTpWIV4JHHZK1/BxbFRtf/siA2SWTe09caDmVtYYzWEIbBS4zw==}
    engines: {node: '>= 0.4.0'}
    dependencies:
      function-bind: 1.1.1
    dev: false

  /import-lazy@4.0.0:
    resolution: {integrity: sha512-rKtvo6a868b5Hu3heneU+L4yEQ4jYKLtjpnPeUdK7h0yzXGmyBTypknlkCvHFBqfX9YlorEiMM6Dnq/5atfHkw==}
    engines: {node: '>=8'}
    dev: false

  /is-core-module@2.12.1:
    resolution: {integrity: sha512-Q4ZuBAe2FUsKtyQJoQHlvP8OvBERxO3jEmy1I7hcRXcJBGGHFh/aJBswbXuS9sgrDH2QUO8ilkwNPHvHMd8clg==}
    dependencies:
      has: 1.0.3
    dev: false

  /jju@1.4.0:
    resolution: {integrity: sha512-8wb9Yw966OSxApiCt0K3yNJL8pnNeIv+OEq2YMidz4FKP6nonSRoOXc80iXY4JaN2FC11B9qsNmDsm+ZOfMROA==}
    dev: false

  /js-yaml@3.13.1:
    resolution: {integrity: sha512-YfbcO7jXDdyj0DGxYVSlSeQNHbD7XPWvrVWeVUujrQEoZzWJIRrCPoyk6kL6IAjAG2IolMK4T0hNUe0HOUs5Jw==}
    hasBin: true
    dependencies:
      argparse: 1.0.10
      esprima: 4.0.1
    dev: false

  /json-schema-traverse@0.4.1:
    resolution: {integrity: sha512-xbbCH5dCYU5T8LcEhhuh7HJ88HXuW3qsI3Y0zOZFKfZEHcpWiHU/Jxzk629Brsab/mMiHQti9wMP+845RPe3Vg==}
    dev: false

  /jsonfile@4.0.0:
    resolution: {integrity: sha512-m6F1R3z8jjlf2imQHS2Qez5sjKWQzbuuhuJ/FKYFRZvPE3PuHcSMVZzfsLhGVOkfd20obL5SWEBew5ShlquNxg==}
    optionalDependencies:
      graceful-fs: 4.2.11
    dev: false

  /lil-gui@0.17.0:
    resolution: {integrity: sha512-MVBHmgY+uEbmJNApAaPbtvNh1RCAeMnKym82SBjtp5rODTYKWtM+MXHCifLe2H2Ti1HuBGBtK/5SyG4ShQ3pUQ==}
    dev: false

  /lodash.get@4.4.2:
    resolution: {integrity: sha512-z+Uw/vLuy6gQe8cfaFWD7p0wVv8fJl3mbzXh33RS+0oW2wvUqiRXiQ69gLWSLpgB5/6sU+r6BlQR0MBILadqTQ==}
    dev: false

  /lodash.isequal@4.5.0:
    resolution: {integrity: sha512-pDo3lu8Jhfjqls6GkMgpahsF9kCyayhgykjyLMNFTKWrpVdAQtYyB4muAMWozBB4ig/dtWAmsMxLEI8wuz+DYQ==}
    dev: false

  /lodash@4.17.21:
    resolution: {integrity: sha512-v2kDEe57lecTulaDIuNTPy3Ry4gLGJ6Z1O3vE1krgXZNrsQ+LFTGHVxVjcXPs17LhbZVGedAJv8XZ1tvj5FvSg==}
    dev: false

  /lru-cache@6.0.0:
    resolution: {integrity: sha512-Jo6dJ04CmSjuznwJSS3pUeWmd/H0ffTlkXXgwZi+eq1UCmqQwCh+eLsYOYCwY991i2Fah4h1BEMCx4qThGbsiA==}
    engines: {node: '>=10'}
    dependencies:
      yallist: 4.0.0
    dev: false

  /nanoid@3.3.6:
    resolution: {integrity: sha512-BGcqMMJuToF7i1rt+2PWSNVnWIkGCU78jBG3RxO/bZlnZPK2Cmi2QaffxGO/2RvWi9sL+FAiRiXMgsyxQ1DIDA==}
    engines: {node: ^10 || ^12 || ^13.7 || ^14 || >=15.0.1}
    hasBin: true
    dev: false

  /path-parse@1.0.7:
    resolution: {integrity: sha512-LDJzPVEEEPR+y48z93A0Ed0yXb8pAByGWo/k5YYdYgpY2/2EsOsksJrq7lOHxryrVOn1ejG6oAp8ahvOIQD8sw==}
    dev: false

  /picocolors@1.0.0:
    resolution: {integrity: sha512-1fygroTLlHu66zi26VoTDv8yRgm0Fccecssto+MhsZ0D/DGW2sm8E8AjW7NU5VVTRt5GxbeZ5qBuJr+HyLYkjQ==}
    dev: false

  /postcss@8.4.24:
    resolution: {integrity: sha512-M0RzbcI0sO/XJNucsGjvWU9ERWxb/ytp1w6dKtxTKgixdtQDq4rmx/g8W1hnaheq9jgwL/oyEdH5Bc4WwJKMqg==}
    engines: {node: ^10 || ^12 || >=14}
    dependencies:
      nanoid: 3.3.6
      picocolors: 1.0.0
      source-map-js: 1.0.2
    dev: false

  /punycode@2.3.0:
    resolution: {integrity: sha512-rRV+zQD8tVFys26lAGR9WUuS4iUAngJScM+ZRSKtvl5tKeZ2t5bvdNFdNHBW9FWR4guGHlgmsZ1G7BSm2wTbuA==}
    engines: {node: '>=6'}
    dev: false

  /resolve@1.19.0:
    resolution: {integrity: sha512-rArEXAgsBG4UgRGcynxWIWKFvh/XZCcS8UJdHhwy91zwAvCZIbcs+vAbflgBnNjYMs/i/i+/Ux6IZhML1yPvxg==}
    dependencies:
      is-core-module: 2.12.1
      path-parse: 1.0.7
    dev: false

  /resolve@1.22.2:
    resolution: {integrity: sha512-Sb+mjNHOULsBv818T40qSPeRiuWLyaGMa5ewydRLFimneixmVy2zdivRl+AF6jaYPC8ERxGDmFSiqui6SfPd+g==}
    hasBin: true
    dependencies:
      is-core-module: 2.12.1
      path-parse: 1.0.7
      supports-preserve-symlinks-flag: 1.0.0
    dev: false

  /rollup@3.25.1:
    resolution: {integrity: sha512-tywOR+rwIt5m2ZAWSe5AIJcTat8vGlnPFAv15ycCrw33t6iFsXZ6mzHVFh2psSjxQPmI+xgzMZZizUAukBI4aQ==}
    engines: {node: '>=14.18.0', npm: '>=8.0.0'}
    hasBin: true
    optionalDependencies:
      fsevents: 2.3.2
    dev: false

  /semver@7.3.8:
    resolution: {integrity: sha512-NB1ctGL5rlHrPJtFDVIVzTyQylMLu9N9VICA6HSFJo8MCGVTMW6gfpicwKmmK/dAjTOrqu5l63JJOpDSrAis3A==}
    engines: {node: '>=10'}
    hasBin: true
    dependencies:
      lru-cache: 6.0.0
    dev: false

  /source-map-js@1.0.2:
    resolution: {integrity: sha512-R0XvVJ9WusLiqTCEiGCmICCMplcCkIwwR11mOSD9CR5u+IXYdiseeEuXCVAjS54zqwkLcPNnmU4OeJ6tUrWhDw==}
    engines: {node: '>=0.10.0'}
    dev: false

  /source-map@0.6.1:
    resolution: {integrity: sha512-UjgapumWlbMhkBgzT7Ykc5YXUT46F0iKu8SGXq0bcwP5dz/h0Plj6enJqjz1Zbq2l5WaqYnrVbwWOWMyF3F47g==}
    engines: {node: '>=0.10.0'}
    dev: false

  /sprintf-js@1.0.3:
    resolution: {integrity: sha512-D9cPgkvLlV3t3IzL0D0YLvGA9Ahk4PcvVwUbN0dSGr1aP0Nrt4AEnTUbuGvquEC0mA64Gqt1fzirlRs5ibXx8g==}
    dev: false

  /string-argv@0.3.2:
    resolution: {integrity: sha512-aqD2Q0144Z+/RqG52NeHEkZauTAUWJO8c6yTftGJKO3Tja5tUgIfmIl6kExvhtxSDP7fXB6DvzkfMpCd/F3G+Q==}
    engines: {node: '>=0.6.19'}
    dev: false

  /strip-json-comments@3.1.1:
    resolution: {integrity: sha512-6fPc+R4ihwqP6N/aIv2f1gMH8lOVtWQHoqC4yK6oSDVVocumAsfCqjkXnqiYMhmMwS/mEHLp7Vehlt3ql6lEig==}
    engines: {node: '>=8'}
    dev: false

  /supports-preserve-symlinks-flag@1.0.0:
    resolution: {integrity: sha512-ot0WnXS9fgdkgIcePe6RHNk1WA8+muPa6cSjeR3V8K27q9BB1rTE3R1p7Hv0z1ZyAc8s6Vvv8DIyWf681MAt0w==}
    engines: {node: '>= 0.4'}
    dev: false

  /three@0.153.0:
    resolution: {integrity: sha512-OCP2/uQR6GcDpSLnJt/3a4mdS0kNWcbfUXIwLoEMgLzEUIVIYsSDwskpmOii/AkDM+BBwrl6+CKgrjX9+E2aWg==}
    dev: false

  /typescript@5.0.4:
    resolution: {integrity: sha512-cW9T5W9xY37cc+jfEnaUvX91foxtHkza3Nw3wkoF4sSlKn0MONdkdEndig/qPBWXNkmplh3NzayQzCiHM4/hqw==}
    engines: {node: '>=12.20'}
    hasBin: true
    dev: false

  /typescript@5.1.3:
    resolution: {integrity: sha512-XH627E9vkeqhlZFQuL+UsyAXEnibT0kWR2FWONlr4sTjvxyJYnyefgrkyECLzM5NenmKzRAy2rR/OlYLA1HkZw==}
    engines: {node: '>=14.17'}
    hasBin: true
    dev: false

  /universalify@0.1.2:
    resolution: {integrity: sha512-rBJeI5CXAlmy1pV+617WB9J63U6XcazHHF2f2dbJix4XzpUF0RS3Zbj0FGIOCAva5P/d/GBOYaACQ1w+0azUkg==}
    engines: {node: '>= 4.0.0'}
    dev: false

  /uri-js@4.4.1:
    resolution: {integrity: sha512-7rKUyy33Q1yc98pQ1DAmLtwX109F7TIfWlW1Ydo8Wl1ii1SeHieeh0HHfPeL2fMXK6z0s8ecKs9frCuLJvndBg==}
    dependencies:
      punycode: 2.3.0
    dev: false

  /validator@13.9.0:
    resolution: {integrity: sha512-B+dGG8U3fdtM0/aNK4/X8CXq/EcxU2WPrPEkJGslb47qyHsxmbggTWK0yEA4qnYVNF+nxNlN88o14hIcPmSIEA==}
    engines: {node: '>= 0.10'}
    dev: false

  /vite@4.3.9:
    resolution: {integrity: sha512-qsTNZjO9NoJNW7KnOrgYwczm0WctJ8m/yqYAMAK9Lxt4SoySUfS5S8ia9K7JHpa3KEeMfyF8LoJ3c5NeBJy6pg==}
    engines: {node: ^14.18.0 || >=16.0.0}
    hasBin: true
    peerDependencies:
      '@types/node': '>= 14'
      less: '*'
      sass: '*'
      stylus: '*'
      sugarss: '*'
      terser: ^5.4.0
    peerDependenciesMeta:
      '@types/node':
        optional: true
      less:
        optional: true
      sass:
        optional: true
      stylus:
        optional: true
      sugarss:
        optional: true
      terser:
        optional: true
    dependencies:
      esbuild: 0.17.19
      postcss: 8.4.24
      rollup: 3.25.1
    optionalDependencies:
      fsevents: 2.3.2
    dev: false

  /yallist@4.0.0:
    resolution: {integrity: sha512-3wdGidZyq5PB084XLES5TpOSRA3wjXAlIWMhum2kRcv/41Sn2emQ0dycQW4uZXLejwKvg6EsvbdlVL+FYEct7A==}
    dev: false

  /z-schema@5.0.5:
    resolution: {integrity: sha512-D7eujBWkLa3p2sIpJA0d1pr7es+a7m0vFAnZLlCEKq/Ij2k0MLi9Br2UPxoxdYystm5K1yeBGzub0FlYUEWj2Q==}
    engines: {node: '>=8.0.0'}
    hasBin: true
    dependencies:
      lodash.get: 4.4.2
      lodash.isequal: 4.5.0
      validator: 13.9.0
    optionalDependencies:
      commander: 9.5.0
    dev: false

  github.com/Infinitelee/buffered-interpolation/5bb18421ebf2bf11664645cdc7a15bd77ee2156b:
    resolution: {tarball: https://codeload.github.com/Infinitelee/buffered-interpolation/tar.gz/5bb18421ebf2bf11664645cdc7a15bd77ee2156b}
    name: buffered-interpolation
    version: 0.2.5
    dev: false
